// !$*UTF8*$!
{
	archiveVersion = 1;
	classes = {
	};
	objectVersion = 48;
	objects = {

/* Begin PBXBuildFile section */
		BE44C62C1F46303E004EDA40 /* DataService.swift in Sources */ = {isa = PBXBuildFile; fileRef = BE44C62B1F46303E004EDA40 /* DataService.swift */; };
		BE44C62E1F46336C004EDA40 /* Category.swift in Sources */ = {isa = PBXBuildFile; fileRef = BE44C62D1F46336C004EDA40 /* Category.swift */; };
		BE7C12491F45D381006F2D19 /* AppDelegate.swift in Sources */ = {isa = PBXBuildFile; fileRef = BE7C12481F45D381006F2D19 /* AppDelegate.swift */; };
		BE7C124B1F45D381006F2D19 /* MainVC.swift in Sources */ = {isa = PBXBuildFile; fileRef = BE7C124A1F45D381006F2D19 /* MainVC.swift */; };
		BE7C124E1F45D381006F2D19 /* Main.storyboard in Resources */ = {isa = PBXBuildFile; fileRef = BE7C124C1F45D381006F2D19 /* Main.storyboard */; };
		BE7C12501F45D381006F2D19 /* Assets.xcassets in Resources */ = {isa = PBXBuildFile; fileRef = BE7C124F1F45D381006F2D19 /* Assets.xcassets */; };
		BE7C12531F45D381006F2D19 /* LaunchScreen.storyboard in Resources */ = {isa = PBXBuildFile; fileRef = BE7C12511F45D381006F2D19 /* LaunchScreen.storyboard */; };
		BE7C125F1F45DC13006F2D19 /* CategoryCell.swift in Sources */ = {isa = PBXBuildFile; fileRef = BE7C125E1F45DC13006F2D19 /* CategoryCell.swift */; };
/* End PBXBuildFile section */

/* Begin PBXFileReference section */
		BE44C62B1F46303E004EDA40 /* DataService.swift */ = {isa = PBXFileReference; lastKnownFileType = sourcecode.swift; path = DataService.swift; sourceTree = "<group>"; };
		BE44C62D1F46336C004EDA40 /* Category.swift */ = {isa = PBXFileReference; lastKnownFileType = sourcecode.swift; path = Category.swift; sourceTree = "<group>"; };
		BE7C12451F45D381006F2D19 /* Coder-Swag.app */ = {isa = PBXFileReference; explicitFileType = wrapper.application; includeInIndex = 0; path = "Coder-Swag.app"; sourceTree = BUILT_PRODUCTS_DIR; };
		BE7C12481F45D381006F2D19 /* AppDelegate.swift */ = {isa = PBXFileReference; lastKnownFileType = sourcecode.swift; path = AppDelegate.swift; sourceTree = "<group>"; };
		BE7C124A1F45D381006F2D19 /* MainVC.swift */ = {isa = PBXFileReference; lastKnownFileType = sourcecode.swift; path = MainVC.swift; sourceTree = "<group>"; };
		BE7C124D1F45D381006F2D19 /* Base */ = {isa = PBXFileReference; lastKnownFileType = file.storyboard; name = Base; path = Base.lproj/Main.storyboard; sourceTree = "<group>"; };
		BE7C124F1F45D381006F2D19 /* Assets.xcassets */ = {isa = PBXFileReference; lastKnownFileType = folder.assetcatalog; path = Assets.xcassets; sourceTree = "<group>"; };
		BE7C12521F45D381006F2D19 /* Base */ = {isa = PBXFileReference; lastKnownFileType = file.storyboard; name = Base; path = Base.lproj/LaunchScreen.storyboard; sourceTree = "<group>"; };
		BE7C12541F45D381006F2D19 /* Info.plist */ = {isa = PBXFileReference; lastKnownFileType = text.plist.xml; path = Info.plist; sourceTree = "<group>"; };
		BE7C125E1F45DC13006F2D19 /* CategoryCell.swift */ = {isa = PBXFileReference; lastKnownFileType = sourcecode.swift; path = CategoryCell.swift; sourceTree = "<group>"; };
/* End PBXFileReference section */

/* Begin PBXFrameworksBuildPhase section */
		BE7C12421F45D381006F2D19 /* Frameworks */ = {
			isa = PBXFrameworksBuildPhase;
			buildActionMask = 2147483647;
			files = (
			);
			runOnlyForDeploymentPostprocessing = 0;
		};
/* End PBXFrameworksBuildPhase section */

/* Begin PBXGroup section */
		BE44C62A1F463002004EDA40 /* Services */ = {
			isa = PBXGroup;
			children = (
				BE44C62B1F46303E004EDA40 /* DataService.swift */,
			);
			path = Services;
			sourceTree = "<group>";
		};
		BE7C123C1F45D381006F2D19 = {
			isa = PBXGroup;
			children = (
				BE7C12471F45D381006F2D19 /* Coder-Swag */,
				BE7C12461F45D381006F2D19 /* Products */,
			);
			sourceTree = "<group>";
		};
		BE7C12461F45D381006F2D19 /* Products */ = {
			isa = PBXGroup;
			children = (
				BE7C12451F45D381006F2D19 /* Coder-Swag.app */,
			);
			name = Products;
			sourceTree = "<group>";
		};
		BE7C12471F45D381006F2D19 /* Coder-Swag */ = {
			isa = PBXGroup;
			children = (
				BE7C125D1F45D3D8006F2D19 /* Model */,
				BE7C125C1F45D3CD006F2D19 /* Views */,
				BE7C125B1F45D3C3006F2D19 /* Controller */,
				BE44C62A1F463002004EDA40 /* Services */,
				BE7C125A1F45D3B9006F2D19 /* Resources */,
				BE7C12481F45D381006F2D19 /* AppDelegate.swift */,
				BE7C12511F45D381006F2D19 /* LaunchScreen.storyboard */,
				BE7C124C1F45D381006F2D19 /* Main.storyboard */,
				BE7C12541F45D381006F2D19 /* Info.plist */,
			);
			path = "Coder-Swag";
			sourceTree = "<group>";
		};
		BE7C125A1F45D3B9006F2D19 /* Resources */ = {
			isa = PBXGroup;
			children = (
				BE7C124F1F45D381006F2D19 /* Assets.xcassets */,
			);
			path = Resources;
			sourceTree = "<group>";
		};
		BE7C125B1F45D3C3006F2D19 /* Controller */ = {
			isa = PBXGroup;
			children = (
				BE7C124A1F45D381006F2D19 /* MainVC.swift */,
			);
			path = Controller;
			sourceTree = "<group>";
		};
		BE7C125C1F45D3CD006F2D19 /* Views */ = {
			isa = PBXGroup;
			children = (
				BE7C125E1F45DC13006F2D19 /* CategoryCell.swift */,
			);
			path = Views;
			sourceTree = "<group>";
		};
		BE7C125D1F45D3D8006F2D19 /* Model */ = {
			isa = PBXGroup;
			children = (
				BE44C62D1F46336C004EDA40 /* Category.swift */,
			);
			path = Model;
			sourceTree = "<group>";
		};
/* End PBXGroup section */

/* Begin PBXNativeTarget section */
		BE7C12441F45D381006F2D19 /* Coder-Swag */ = {
			isa = PBXNativeTarget;
			buildConfigurationList = BE7C12571F45D381006F2D19 /* Build configuration list for PBXNativeTarget "Coder-Swag" */;
			buildPhases = (
				BE7C12411F45D381006F2D19 /* Sources */,
				BE7C12421F45D381006F2D19 /* Frameworks */,
				BE7C12431F45D381006F2D19 /* Resources */,
			);
			buildRules = (
			);
			dependencies = (
			);
			name = "Coder-Swag";
			productName = "Coder-Swag";
			productReference = BE7C12451F45D381006F2D19 /* Coder-Swag.app */;
			productType = "com.apple.product-type.application";
		};
/* End PBXNativeTarget section */

/* Begin PBXProject section */
		BE7C123D1F45D381006F2D19 /* Project object */ = {
			isa = PBXProject;
			attributes = {
				LastSwiftUpdateCheck = 0900;
				LastUpgradeCheck = 0900;
				ORGANIZATIONNAME = Lichtverbunden;
				TargetAttributes = {
					BE7C12441F45D381006F2D19 = {
						CreatedOnToolsVersion = 9.0;
					};
				};
			};
			buildConfigurationList = BE7C12401F45D381006F2D19 /* Build configuration list for PBXProject "Coder-Swag" */;
			compatibilityVersion = "Xcode 8.0";
			developmentRegion = en;
			hasScannedForEncodings = 0;
			knownRegions = (
				en,
				Base,
			);
			mainGroup = BE7C123C1F45D381006F2D19;
			productRefGroup = BE7C12461F45D381006F2D19 /* Products */;
			projectDirPath = "";
			projectRoot = "";
			targets = (
				BE7C12441F45D381006F2D19 /* Coder-Swag */,
			);
		};
/* End PBXProject section */

/* Begin PBXResourcesBuildPhase section */
		BE7C12431F45D381006F2D19 /* Resources */ = {
			isa = PBXResourcesBuildPhase;
			buildActionMask = 2147483647;
			files = (
				BE7C12531F45D381006F2D19 /* LaunchScreen.storyboard in Resources */,
				BE7C12501F45D381006F2D19 /* Assets.xcassets in Resources */,
				BE7C124E1F45D381006F2D19 /* Main.storyboard in Resources */,
			);
			runOnlyForDeploymentPostprocessing = 0;
		};
/* End PBXResourcesBuildPhase section */

/* Begin PBXSourcesBuildPhase section */
		BE7C12411F45D381006F2D19 /* Sources */ = {
			isa = PBXSourcesBuildPhase;
			buildActionMask = 2147483647;
			files = (
				BE7C124B1F45D381006F2D19 /* MainVC.swift in Sources */,
				BE44C62E1F46336C004EDA40 /* Category.swift in Sources */,
				BE7C12491F45D381006F2D19 /* AppDelegate.swift in Sources */,
				BE7C125F1F45DC13006F2D19 /* CategoryCell.swift in Sources */,
				BE44C62C1F46303E004EDA40 /* DataService.swift in Sources */,
			);
			runOnlyForDeploymentPostprocessing = 0;
		};
/* End PBXSourcesBuildPhase section */

/* Begin PBXVariantGroup section */
		BE7C124C1F45D381006F2D19 /* Main.storyboard */ = {
			isa = PBXVariantGroup;
			children = (
				BE7C124D1F45D381006F2D19 /* Base */,
			);
			name = Main.storyboard;
			sourceTree = "<group>";
		};
		BE7C12511F45D381006F2D19 /* LaunchScreen.storyboard */ = {
			isa = PBXVariantGroup;
			children = (
				BE7C12521F45D381006F2D19 /* Base */,
			);
			name = LaunchScreen.storyboard;
			sourceTree = "<group>";
		};
/* End PBXVariantGroup section */

/* Begin XCBuildConfiguration section */
		BE7C12551F45D381006F2D19 /* Debug */ = {
			isa = XCBuildConfiguration;
			buildSettings = {
				ALWAYS_SEARCH_USER_PATHS = NO;
				CLANG_ANALYZER_NONNULL = YES;
				CLANG_ANALYZER_NUMBER_OBJECT_CONVERSION = YES_AGGRESSIVE;
				CLANG_CXX_LANGUAGE_STANDARD = "gnu++14";
				CLANG_CXX_LIBRARY = "libc++";
				CLANG_ENABLE_MODULES = YES;
				CLANG_ENABLE_OBJC_ARC = YES;
				CLANG_WARN_BLOCK_CAPTURE_AUTORELEASING = YES;
				CLANG_WARN_BOOL_CONVERSION = YES;
				CLANG_WARN_COMMA = YES;
				CLANG_WARN_CONSTANT_CONVERSION = YES;
				CLANG_WARN_DIRECT_OBJC_ISA_USAGE = YES_ERROR;
				CLANG_WARN_DOCUMENTATION_COMMENTS = YES;
				CLANG_WARN_EMPTY_BODY = YES;
				CLANG_WARN_ENUM_CONVERSION = YES;
				CLANG_WARN_INFINITE_RECURSION = YES;
				CLANG_WARN_INT_CONVERSION = YES;
				CLANG_WARN_NON_LITERAL_NULL_CONVERSION = YES;
				CLANG_WARN_OBJC_LITERAL_CONVERSION = YES;
				CLANG_WARN_OBJC_ROOT_CLASS = YES_ERROR;
				CLANG_WARN_RANGE_LOOP_ANALYSIS = YES;
				CLANG_WARN_STRICT_PROTOTYPES = YES;
				CLANG_WARN_SUSPICIOUS_MOVE = YES;
				CLANG_WARN_UNGUARDED_AVAILABILITY = YES_AGGRESSIVE;
				CLANG_WARN_UNREACHABLE_CODE = YES;
				CLANG_WARN__DUPLICATE_METHOD_MATCH = YES;
				CODE_SIGN_IDENTITY = "iPhone Developer";
				COPY_PHASE_STRIP = NO;
				DEBUG_INFORMATION_FORMAT = dwarf;
				ENABLE_STRICT_OBJC_MSGSEND = YES;
				ENABLE_TESTABILITY = YES;
				GCC_C_LANGUAGE_STANDARD = gnu11;
				GCC_DYNAMIC_NO_PIC = NO;
				GCC_NO_COMMON_BLOCKS = YES;
				GCC_OPTIMIZATION_LEVEL = 0;
				GCC_PREPROCESSOR_DEFINITIONS = (
					"DEBUG=1",
					"$(inherited)",
				);
				GCC_WARN_64_TO_32_BIT_CONVERSION = YES;
				GCC_WARN_ABOUT_RETURN_TYPE = YES_ERROR;
				GCC_WARN_UNDECLARED_SELECTOR = YES;
				GCC_WARN_UNINITIALIZED_AUTOS = YES_AGGRESSIVE;
				GCC_WARN_UNUSED_FUNCTION = YES;
				GCC_WARN_UNUSED_VARIABLE = YES;
				IPHONEOS_DEPLOYMENT_TARGET = 11.0;
				MTL_ENABLE_DEBUG_INFO = YES;
				ONLY_ACTIVE_ARCH = YES;
				SDKROOT = iphoneos;
				SWIFT_ACTIVE_COMPILATION_CONDITIONS = DEBUG;
				SWIFT_OPTIMIZATION_LEVEL = "-Onone";
			};
			name = Debug;
		};
		BE7C12561F45D381006F2D19 /* Release */ = {
			isa = XCBuildConfiguration;
			buildSettings = {
				ALWAYS_SEARCH_USER_PATHS = NO;
				CLANG_ANALYZER_NONNULL = YES;
				CLANG_ANALYZER_NUMBER_OBJECT_CONVERSION = YES_AGGRESSIVE;
				CLANG_CXX_LANGUAGE_STANDARD = "gnu++14";
				CLANG_CXX_LIBRARY = "libc++";
				CLANG_ENABLE_MODULES = YES;
				CLANG_ENABLE_OBJC_ARC = YES;
				CLANG_WARN_BLOCK_CAPTURE_AUTORELEASING = YES;
				CLANG_WARN_BOOL_CONVERSION = YES;
				CLANG_WARN_COMMA = YES;
				CLANG_WARN_CONSTANT_CONVERSION = YES;
				CLANG_WARN_DIRECT_OBJC_ISA_USAGE = YES_ERROR;
				CLANG_WARN_DOCUMENTATION_COMMENTS = YES;
				CLANG_WARN_EMPTY_BODY = YES;
				CLANG_WARN_ENUM_CONVERSION = YES;
				CLANG_WARN_INFINITE_RECURSION = YES;
				CLANG_WARN_INT_CONVERSION = YES;
				CLANG_WARN_NON_LITERAL_NULL_CONVERSION = YES;
				CLANG_WARN_OBJC_LITERAL_CONVERSION = YES;
				CLANG_WARN_OBJC_ROOT_CLASS = YES_ERROR;
				CLANG_WARN_RANGE_LOOP_ANALYSIS = YES;
				CLANG_WARN_STRICT_PROTOTYPES = YES;
				CLANG_WARN_SUSPICIOUS_MOVE = YES;
				CLANG_WARN_UNGUARDED_AVAILABILITY = YES_AGGRESSIVE;
				CLANG_WARN_UNREACHABLE_CODE = YES;
				CLANG_WARN__DUPLICATE_METHOD_MATCH = YES;
				CODE_SIGN_IDENTITY = "iPhone Developer";
				COPY_PHASE_STRIP = NO;
				DEBUG_INFORMATION_FORMAT = "dwarf-with-dsym";
				ENABLE_NS_ASSERTIONS = NO;
				ENABLE_STRICT_OBJC_MSGSEND = YES;
				GCC_C_LANGUAGE_STANDARD = gnu11;
				GCC_NO_COMMON_BLOCKS = YES;
				GCC_WARN_64_TO_32_BIT_CONVERSION = YES;
				GCC_WARN_ABOUT_RETURN_TYPE = YES_ERROR;
				GCC_WARN_UNDECLARED_SELECTOR = YES;
				GCC_WARN_UNINITIALIZED_AUTOS = YES_AGGRESSIVE;
				GCC_WARN_UNUSED_FUNCTION = YES;
				GCC_WARN_UNUSED_VARIABLE = YES;
				IPHONEOS_DEPLOYMENT_TARGET = 11.0;
				MTL_ENABLE_DEBUG_INFO = NO;
				SDKROOT = iphoneos;
				SWIFT_OPTIMIZATION_LEVEL = "-Owholemodule";
				VALIDATE_PRODUCT = YES;
			};
			name = Release;
		};
		BE7C12581F45D381006F2D19 /* Debug */ = {
			isa = XCBuildConfiguration;
			buildSettings = {
				ASSETCATALOG_COMPILER_APPICON_NAME = AppIcon;
				DEVELOPMENT_TEAM = N44J6L5WWP;
				INFOPLIST_FILE = "Coder-Swag/Info.plist";
				LD_RUNPATH_SEARCH_PATHS = "$(inherited) @executable_path/Frameworks";
				PRODUCT_BUNDLE_IDENTIFIER = "lu.lichtverbunden.Coder-Swag";
				PRODUCT_NAME = "$(TARGET_NAME)";
				SWIFT_VERSION = 4.0;
				TARGETED_DEVICE_FAMILY = "1,2";
			};
			name = Debug;
		};
		BE7C12591F45D381006F2D19 /* Release */ = {
			isa = XCBuildConfiguration;
			buildSettings = {
				ASSETCATALOG_COMPILER_APPICON_NAME = AppIcon;
				DEVELOPMENT_TEAM = N44J6L5WWP;
				INFOPLIST_FILE = "Coder-Swag/Info.plist";
				LD_RUNPATH_SEARCH_PATHS = "$(inherited) @executable_path/Frameworks";
				PRODUCT_BUNDLE_IDENTIFIER = "lu.lichtverbunden.Coder-Swag";
				PRODUCT_NAME = "$(TARGET_NAME)";
				SWIFT_VERSION = 4.0;
				TARGETED_DEVICE_FAMILY = "1,2";
			};
			name = Release;
		};
/* End XCBuildConfiguration section */

/* Begin XCConfigurationList section */
		BE7C12401F45D381006F2D19 /* Build configuration list for PBXProject "Coder-Swag" */ = {
			isa = XCConfigurationList;
			buildConfigurations = (
				BE7C12551F45D381006F2D19 /* Debug */,
				BE7C12561F45D381006F2D19 /* Release */,
			);
			defaultConfigurationIsVisible = 0;
			defaultConfigurationName = Release;
		};
		BE7C12571F45D381006F2D19 /* Build configuration list for PBXNativeTarget "Coder-Swag" */ = {
			isa = XCConfigurationList;
			buildConfigurations = (
				BE7C12581F45D381006F2D19 /* Debug */,
				BE7C12591F45D381006F2D19 /* Release */,
			);
			defaultConfigurationIsVisible = 0;
			defaultConfigurationName = Release;
		};
/* End XCConfigurationList section */
	};
	rootObject = BE7C123D1F45D381006F2D19 /* Project object */;
}
